
Microsoft Visual Studio Solution File, Format Version 12.00
Project("{FAE04EC0-301F-11D3-BF4B-00C04F79EFBC}") = "AdventOfCode", "AdventOfCode\AdventOfCode.csproj", "{1E493DAA-4D3E-4E77-9740-69D0D1D1983F}"
EndProject
Project("{FAE04EC0-301F-11D3-BF4B-00C04F79EFBC}") = "AdventOfCodeTests", "AdventOfCodeTests\AdventOfCodeTests.csproj", "{A7BE4146-598C-4329-A832-0797391FE912}"
EndProject
Global
	GlobalSection(SolutionConfigurationPlatforms) = preSolution
		Debug|Any CPU = Debug|Any CPU
		Release|Any CPU = Release|Any CPU
	EndGlobalSection
	GlobalSection(ProjectConfigurationPlatforms) = postSolution
		{1E493DAA-4D3E-4E77-9740-69D0D1D1983F}.Debug|Any CPU.ActiveCfg = Debug|Any CPU
		{1E493DAA-4D3E-4E77-9740-69D0D1D1983F}.Debug|Any CPU.Build.0 = Debug|Any CPU
		{1E493DAA-4D3E-4E77-9740-69D0D1D1983F}.Release|Any CPU.ActiveCfg = Release|Any CPU
		{1E493DAA-4D3E-4E77-9740-69D0D1D1983F}.Release|Any CPU.Build.0 = Release|Any CPU
		{A7BE4146-598C-4329-A832-0797391FE912}.Debug|Any CPU.ActiveCfg = Debug|Any CPU
		{A7BE4146-598C-4329-A832-0797391FE912}.Debug|Any CPU.Build.0 = Debug|Any CPU
		{A7BE4146-598C-4329-A832-0797391FE912}.Release|Any CPU.ActiveCfg = Release|Any CPU
		{A7BE4146-598C-4329-A832-0797391FE912}.Release|Any CPU.Build.0 = Release|Any CPU
	EndGlobalSection
EndGlobal
